
Microsoft Visual Studio Solution File, Format Version 12.00
# Visual Studio Version 16
VisualStudioVersion = 16.0.30204.135
MinimumVisualStudioVersion = 10.0.40219.1
Project("{FAE04EC0-301F-11D3-BF4B-00C04F79EFBC}") = "WebJob-netcore-sample", "WebJob-netcore-sample.csproj", "{ED87A6BC-4AEC-4657-9EF7-159B495A1BA9}"
EndProject
Global
	GlobalSection(SolutionConfigurationPlatforms) = preSolution
		Debug|Any CPU = Debug|Any CPU
		Release|Any CPU = Release|Any CPU
	EndGlobalSection
	GlobalSection(ProjectConfigurationPlatforms) = postSolution
		{ED87A6BC-4AEC-4657-9EF7-159B495A1BA9}.Debug|Any CPU.ActiveCfg = Debug|Any CPU
		{ED87A6BC-4AEC-4657-9EF7-159B495A1BA9}.Debug|Any CPU.Build.0 = Debug|Any CPU
		{ED87A6BC-4AEC-4657-9EF7-159B495A1BA9}.Release|Any CPU.ActiveCfg = Release|Any CPU
		{ED87A6BC-4AEC-4657-9EF7-159B495A1BA9}.Release|Any CPU.Build.0 = Release|Any CPU
	EndGlobalSection
	GlobalSection(SolutionProperties) = preSolution
		HideSolutionNode = FALSE
	EndGlobalSection
	GlobalSection(ExtensibilityGlobals) = postSolution
		SolutionGuid = {14BF1E5C-F65B-4746-BA2E-5A5FBAE6AF71}
	EndGlobalSection
EndGlobal
